{
  "version": 4,
  "terraform_version": "1.9.8",
  "serial": 6,
  "lineage": "22701ec5-0d2a-b4ca-2f3a-93cdcfc75c5b",
  "outputs": {
    "adminpwd": {
      "value": "go6KPzfoeWC1XbxEPGE3ZlxqdzbASZe+/hfu5rMAgQ+ACRCCSCOF",
      "type": "string",
      "sensitive": true
    }
  },
  "resources": [
    {
      "mode": "managed",
      "type": "azurerm_container_registry",
      "name": "tfreg",
      "provider": "provider[\"registry.terraform.io/hashicorp/azurerm\"]",
      "instances": [
        {
          "schema_version": 2,
          "attributes": {
            "admin_enabled": true,
            "admin_password": "go6KPzfoeWC1XbxEPGE3ZlxqdzbASZe+/hfu5rMAgQ+ACRCCSCOF",
            "admin_username": "acrregistry007",
            "anonymous_pull_enabled": false,
            "data_endpoint_enabled": false,
            "encryption": [],
            "export_policy_enabled": true,
            "georeplications": [],
            "id": "/subscriptions/13b6aef3-d469-4b0b-9d19-5d5bcab6fb45/resourceGroups/rakesh_rg/providers/Microsoft.ContainerRegistry/registries/acrregistry007",
            "identity": [],
            "location": "centralindia",
            "login_server": "acrregistry007.azurecr.io",
            "name": "acrregistry007",
            "network_rule_bypass_option": "AzureServices",
            "network_rule_set": [
              {
                "default_action": "Allow",
                "ip_rule": []
              }
            ],
            "public_network_access_enabled": true,
            "quarantine_policy_enabled": false,
            "resource_group_name": "rakesh_rg",
            "retention_policy_in_days": 0,
            "sku": "Premium",
            "tags": {},
            "timeouts": null,
            "trust_policy_enabled": false,
            "zone_redundancy_enabled": false
          },
          "sensitive_attributes": [
            [
              {
                "type": "get_attr",
                "value": "admin_password"
              }
            ]
          ],
          "private": "eyJlMmJmYjczMC1lY2FhLTExZTYtOGY4OC0zNDM2M2JjN2M0YzAiOnsiY3JlYXRlIjoxODAwMDAwMDAwMDAwLCJkZWxldGUiOjE4MDAwMDAwMDAwMDAsInJlYWQiOjMwMDAwMDAwMDAwMCwidXBkYXRlIjoxODAwMDAwMDAwMDAwfSwic2NoZW1hX3ZlcnNpb24iOiIyIn0=",
          "dependencies": [
            "azurerm_resource_group.rg"
          ]
        }
      ]
    },
    {
      "mode": "managed",
      "type": "azurerm_resource_group",
      "name": "rg",
      "provider": "provider[\"registry.terraform.io/hashicorp/azurerm\"]",
      "instances": [
        {
          "schema_version": 0,
          "attributes": {
            "id": "/subscriptions/13b6aef3-d469-4b0b-9d19-5d5bcab6fb45/resourceGroups/rakesh_rg",
            "location": "centralindia",
            "managed_by": "",
            "name": "rakesh_rg",
            "tags": {},
            "timeouts": null
          },
          "sensitive_attributes": [],
          "private": "eyJlMmJmYjczMC1lY2FhLTExZTYtOGY4OC0zNDM2M2JjN2M0YzAiOnsiY3JlYXRlIjo1NDAwMDAwMDAwMDAwLCJkZWxldGUiOjU0MDAwMDAwMDAwMDAsInJlYWQiOjMwMDAwMDAwMDAwMCwidXBkYXRlIjo1NDAwMDAwMDAwMDAwfX0="
        }
      ]
    }
  ],
  "check_results": null
}
